github.com/matehaxor03/holistic_common v0.0.50 h1:WedxzWyvPZh2ZTyggYd/aNfC0J12V1vy5BxMd/VeToc=
github.com/matehaxor03/holistic_common v0.0.50/go.mod h1:Fduzjeq/XqKGCdJsBedOS7DzfwQOqTGJtS8T2zQjeCY=
github.com/matehaxor03/holistic_json v0.0.77 h1:8M9yhjvnLrx4PUhD8fMIz71yGX2r5mkvUi+unPaRDtA=
github.com/matehaxor03/holistic_json v0.0.77/go.mod h1:8/5MdPf2xxxm8Z2dRw48k1KnaNbpS4HfN0awe1/xN+0=
