github.com/matehaxor03/holistic_common v0.0.37 h1:Z+xzc1ebjiT25sRbQlud0NCMfaLA/1BkrWEvaWRV7Rc=
github.com/matehaxor03/holistic_common v0.0.37/go.mod h1:Fduzjeq/XqKGCdJsBedOS7DzfwQOqTGJtS8T2zQjeCY=
github.com/matehaxor03/holistic_json v0.0.39 h1:thWBnCYi4M6upYnMhyyDjsY1ZG6x8/tuwc7eB/eIXLA=
github.com/matehaxor03/holistic_json v0.0.39/go.mod h1:zO4QCYw5tqmQGy9e+yDVJDcNbqYcIoN7s5Om4OS2mPc=
